// !$*UTF8*$!
{
	archiveVersion = 1;
	classes = {
	};
	objectVersion = 50;
	objects = {

/* Begin PBXBuildFile section */
		058557BB273AAA24004C7B11 /* Assets.xcassets in Resources */ = {isa = PBXBuildFile; fileRef = 058557BA273AAA24004C7B11 /* Assets.xcassets */; };
		058557D9273AAEEB004C7B11 /* Preview Assets.xcassets in Resources */ = {isa = PBXBuildFile; fileRef = 058557D8273AAEEB004C7B11 /* Preview Assets.xcassets */; };
		2152FB042600AC8F00CF470E /* iOSApp.swift in Sources */ = {isa = PBXBuildFile; fileRef = 2152FB032600AC8F00CF470E /* iOSApp.swift */; };
		7555FF83242A565900829871 /* OverviewView.swift in Sources */ = {isa = PBXBuildFile; fileRef = 7555FF82242A565900829871 /* OverviewView.swift */; };
		858A116B29358B68009AF797 /* AccelerationView.swift in Sources */ = {isa = PBXBuildFile; fileRef = 858A116A29358B68009AF797 /* AccelerationView.swift */; };
		858A1166293581A9009AF797 /* LocationManager.swift in Sources */ = {isa = PBXBuildFile; fileRef = 858A1165293581A9009AF797 /* LocationManager.swift */; };
		858A1168293581C9009AF797 /* GPSView.swift in Sources */ = {isa = PBXBuildFile; fileRef = 858A1167293581C9009AF797 /* GPSView.swift */; };
		85076C7D292BE0990058ED2E /* AndroidElementsView.swift in Sources */ = {isa = PBXBuildFile; fileRef = 85076C7C292BE0990058ED2E /* AndroidElementsView.swift */; };
		85076C7F292D2E0D0058ED2E /* iOSElementsView.swift in Sources */ = {isa = PBXBuildFile; fileRef = 85076C7E292D2E0D0058ED2E /* iOSElementsView.swift */; };
		85076C82292D57460058ED2E /* InteractionDesignView.swift in Sources */ = {isa = PBXBuildFile; fileRef = 85076C81292D57460058ED2E /* InteractionDesignView.swift */; };
		85076C85292D6DCC0058ED2E /* GestureView.swift in Sources */ = {isa = PBXBuildFile; fileRef = 85076C84292D6DCC0058ED2E /* GestureView.swift */; };
		85076C88292D73C70058ED2E /* InputMethodsView.swift in Sources */ = {isa = PBXBuildFile; fileRef = 85076C87292D73C70058ED2E /* InputMethodsView.swift */; };
		851F8B5F29290D360072C099 /* UIElementsView.swift in Sources */ = {isa = PBXBuildFile; fileRef = 851F8B5E29290D360072C099 /* UIElementsView.swift */; };
		854AA2C8293556FC0066D034 /* AppAccessView.swift in Sources */ = {isa = PBXBuildFile; fileRef = 854AA2C7293556FC0066D034 /* AppAccessView.swift */; };
		858E69BB292F80660013791E /* AnimationsView.swift in Sources */ = {isa = PBXBuildFile; fileRef = 858E69BA292F80660013791E /* AnimationsView.swift */; };
		858E69BE292F8ABF0013791E /* NetworkCallView.swift in Sources */ = {isa = PBXBuildFile; fileRef = 858E69BD292F8ABF0013791E /* NetworkCallView.swift */; };
		858E69C129310DDA0013791E /* PersistenceView.swift in Sources */ = {isa = PBXBuildFile; fileRef = 858E69C029310DD90013791E /* PersistenceView.swift */; };
		858E69C429311DBE0013791E /* FileAccessView.swift in Sources */ = {isa = PBXBuildFile; fileRef = 858E69C329311DBE0013791E /* FileAccessView.swift */; };
		85BBDF3E292E67DB0056AF96 /* MultimediaView.swift in Sources */ = {isa = PBXBuildFile; fileRef = 85BBDF3D292E67DB0056AF96 /* MultimediaView.swift */; };
		85EF06C629322B890035EAB7 /* FrameView.swift in Sources */ = {isa = PBXBuildFile; fileRef = 85EF06C529322B890035EAB7 /* FrameView.swift */; };
		85EF06C829323A890035EAB7 /* FrameHandler.swift in Sources */ = {isa = PBXBuildFile; fileRef = 85EF06C729323A890035EAB7 /* FrameHandler.swift */; };
		85EF06CA293245D30035EAB7 /* CameraView.swift in Sources */ = {isa = PBXBuildFile; fileRef = 85EF06C9293245D30035EAB7 /* CameraView.swift */; };
		85FD8B8E292E5D900027B3BC /* NavigationElementsView.swift in Sources */ = {isa = PBXBuildFile; fileRef = 85FD8B8D292E5D900027B3BC /* NavigationElementsView.swift */; };
		FF0FF33A810A590684E0B7E7 /* Pods_iosApp.framework in Frameworks */ = {isa = PBXBuildFile; fileRef = BFCEA02849808D97C951A812 /* Pods_iosApp.framework */; };
/* End PBXBuildFile section */

/* Begin PBXFileReference section */
		058557BA273AAA24004C7B11 /* Assets.xcassets */ = {isa = PBXFileReference; lastKnownFileType = folder.assetcatalog; path = Assets.xcassets; sourceTree = "<group>"; };
		058557D8273AAEEB004C7B11 /* Preview Assets.xcassets */ = {isa = PBXFileReference; lastKnownFileType = folder.assetcatalog; path = "Preview Assets.xcassets"; sourceTree = "<group>"; };
		2152FB032600AC8F00CF470E /* iOSApp.swift */ = {isa = PBXFileReference; lastKnownFileType = sourcecode.swift; path = iOSApp.swift; sourceTree = "<group>"; };
		37A7B010E3E2A393959B2E4D /* Pods-iosApp.debug.xcconfig */ = {isa = PBXFileReference; includeInIndex = 1; lastKnownFileType = text.xcconfig; name = "Pods-iosApp.debug.xcconfig"; path = "Target Support Files/Pods-iosApp/Pods-iosApp.debug.xcconfig"; sourceTree = "<group>"; };
		7555FF7B242A565900829871 /* iosApp.app */ = {isa = PBXFileReference; explicitFileType = wrapper.application; includeInIndex = 0; path = iosApp.app; sourceTree = BUILT_PRODUCTS_DIR; };
		7555FF82242A565900829871 /* OverviewView.swift */ = {isa = PBXFileReference; lastKnownFileType = sourcecode.swift; path = OverviewView.swift; sourceTree = "<group>"; };
		7555FF8C242A565B00829871 /* Info.plist */ = {isa = PBXFileReference; lastKnownFileType = text.plist.xml; path = Info.plist; sourceTree = "<group>"; };
		858A116A29358B68009AF797 /* AccelerationView.swift */ = {isa = PBXFileReference; lastKnownFileType = sourcecode.swift; path = AccelerationView.swift; sourceTree = "<group>"; };
		858A1165293581A9009AF797 /* LocationManager.swift */ = {isa = PBXFileReference; lastKnownFileType = sourcecode.swift; path = LocationManager.swift; sourceTree = "<group>"; };
		858A1167293581C9009AF797 /* GPSView.swift */ = {isa = PBXFileReference; lastKnownFileType = sourcecode.swift; path = GPSView.swift; sourceTree = "<group>"; };
		85076C7C292BE0990058ED2E /* AndroidElementsView.swift */ = {isa = PBXFileReference; lastKnownFileType = sourcecode.swift; path = AndroidElementsView.swift; sourceTree = "<group>"; };
		85076C7E292D2E0D0058ED2E /* iOSElementsView.swift */ = {isa = PBXFileReference; lastKnownFileType = sourcecode.swift; path = iOSElementsView.swift; sourceTree = "<group>"; };
		85076C81292D57460058ED2E /* InteractionDesignView.swift */ = {isa = PBXFileReference; lastKnownFileType = sourcecode.swift; path = InteractionDesignView.swift; sourceTree = "<group>"; };
		85076C84292D6DCC0058ED2E /* GestureView.swift */ = {isa = PBXFileReference; lastKnownFileType = sourcecode.swift; path = GestureView.swift; sourceTree = "<group>"; };
		85076C87292D73C70058ED2E /* InputMethodsView.swift */ = {isa = PBXFileReference; lastKnownFileType = sourcecode.swift; path = InputMethodsView.swift; sourceTree = "<group>"; };
		851F8B5E29290D360072C099 /* UIElementsView.swift */ = {isa = PBXFileReference; lastKnownFileType = sourcecode.swift; path = UIElementsView.swift; sourceTree = "<group>"; };
		854AA2C7293556FC0066D034 /* AppAccessView.swift */ = {isa = PBXFileReference; lastKnownFileType = sourcecode.swift; path = AppAccessView.swift; sourceTree = "<group>"; };
		858E69BA292F80660013791E /* AnimationsView.swift */ = {isa = PBXFileReference; lastKnownFileType = sourcecode.swift; path = AnimationsView.swift; sourceTree = "<group>"; };
		858E69BD292F8ABF0013791E /* NetworkCallView.swift */ = {isa = PBXFileReference; lastKnownFileType = sourcecode.swift; path = NetworkCallView.swift; sourceTree = "<group>"; };
		858E69C029310DD90013791E /* PersistenceView.swift */ = {isa = PBXFileReference; lastKnownFileType = sourcecode.swift; path = PersistenceView.swift; sourceTree = "<group>"; };
		858E69C329311DBE0013791E /* FileAccessView.swift */ = {isa = PBXFileReference; lastKnownFileType = sourcecode.swift; path = FileAccessView.swift; sourceTree = "<group>"; };
		85BBDF3D292E67DB0056AF96 /* MultimediaView.swift */ = {isa = PBXFileReference; lastKnownFileType = sourcecode.swift; path = MultimediaView.swift; sourceTree = "<group>"; };
		85EF06C529322B890035EAB7 /* FrameView.swift */ = {isa = PBXFileReference; lastKnownFileType = sourcecode.swift; path = FrameView.swift; sourceTree = "<group>"; };
		85EF06C729323A890035EAB7 /* FrameHandler.swift */ = {isa = PBXFileReference; lastKnownFileType = sourcecode.swift; path = FrameHandler.swift; sourceTree = "<group>"; };
		85EF06C9293245D30035EAB7 /* CameraView.swift */ = {isa = PBXFileReference; lastKnownFileType = sourcecode.swift; path = CameraView.swift; sourceTree = "<group>"; };
		85FD8B8D292E5D900027B3BC /* NavigationElementsView.swift */ = {isa = PBXFileReference; lastKnownFileType = sourcecode.swift; path = NavigationElementsView.swift; sourceTree = "<group>"; };
		BFCEA02849808D97C951A812 /* Pods_iosApp.framework */ = {isa = PBXFileReference; explicitFileType = wrapper.framework; includeInIndex = 0; path = Pods_iosApp.framework; sourceTree = BUILT_PRODUCTS_DIR; };
		D0E62FA93C72A5BC355C4B53 /* Pods-iosApp.release.xcconfig */ = {isa = PBXFileReference; includeInIndex = 1; lastKnownFileType = text.xcconfig; name = "Pods-iosApp.release.xcconfig"; path = "Target Support Files/Pods-iosApp/Pods-iosApp.release.xcconfig"; sourceTree = "<group>"; };
/* End PBXFileReference section */

/* Begin PBXFrameworksBuildPhase section */
		5FD9F491473CC9FB46586043 /* Frameworks */ = {
			isa = PBXFrameworksBuildPhase;
			buildActionMask = 2147483647;
			files = (
				FF0FF33A810A590684E0B7E7 /* Pods_iosApp.framework in Frameworks */,
			);
			runOnlyForDeploymentPostprocessing = 0;
		};
/* End PBXFrameworksBuildPhase section */

/* Begin PBXGroup section */
		058557D7273AAEEB004C7B11 /* Preview Content */ = {
			isa = PBXGroup;
			children = (
				058557D8273AAEEB004C7B11 /* Preview Assets.xcassets */,
			);
			path = "Preview Content";
			sourceTree = "<group>";
		};
		1E64DC95AD74CB493DB57F88 /* Pods */ = {
			isa = PBXGroup;
			children = (
				37A7B010E3E2A393959B2E4D /* Pods-iosApp.debug.xcconfig */,
				D0E62FA93C72A5BC355C4B53 /* Pods-iosApp.release.xcconfig */,
			);
			path = Pods;
			sourceTree = "<group>";
		};
		7555FF72242A565900829871 = {
			isa = PBXGroup;
			children = (
				7555FF7D242A565900829871 /* iosApp */,
				7555FF7C242A565900829871 /* Products */,
				1E64DC95AD74CB493DB57F88 /* Pods */,
				A32DC7E76DF551B628A0BDDB /* Frameworks */,
			);
			sourceTree = "<group>";
		};
		7555FF7C242A565900829871 /* Products */ = {
			isa = PBXGroup;
			children = (
				7555FF7B242A565900829871 /* iosApp.app */,
			);
			name = Products;
			sourceTree = "<group>";
		};
		7555FF7D242A565900829871 /* iosApp */ = {
			isa = PBXGroup;
			children = (
				858A116929358B51009AF797 /* acceleration */,
				858A116429358195009AF797 /* gps */,
				854AA2C6293556E10066D034 /* appaccess */,
				85EF06C429322B540035EAB7 /* hardwarefunctions */,
				858E69C22931127D0013791E /* fileaccess */,
				858E69BF29310DCE0013791E /* persistence */,
				858E69BC292F8AB10013791E /* networkcall */,
				858E69B9292F80580013791E /* animations */,
				85BBDF3C292E67C30056AF96 /* multimedia */,
				85FD8B8C292E5D820027B3BC /* navigation */,
				85076C86292D73B30058ED2E /* inputmethods */,
				85076C83292D6DB90058ED2E /* gestures */,
				85076C80292D57240058ED2E /* interactiondesign */,
				851F8B5D29290D040072C099 /* uiux */,
				058557BA273AAA24004C7B11 /* Assets.xcassets */,
				7555FF82242A565900829871 /* OverviewView.swift */,
				7555FF8C242A565B00829871 /* Info.plist */,
				2152FB032600AC8F00CF470E /* iOSApp.swift */,
				058557D7273AAEEB004C7B11 /* Preview Content */,
			);
			path = iosApp;
			sourceTree = "<group>";
		};
		858A116929358B51009AF797 /* acceleration */ = {
			isa = PBXGroup;
			children = (
				858A116A29358B68009AF797 /* AccelerationView.swift */,
			);
			path = acceleration;
      sourceTree = "<group>";
		};
		858A116429358195009AF797 /* gps */ = {
			isa = PBXGroup;
			children = (
				858A1165293581A9009AF797 /* LocationManager.swift */,
				858A1167293581C9009AF797 /* GPSView.swift */,
			);
			path = gps;
      sourceTree = "<group>";
		};
		85076C80292D57240058ED2E /* interactiondesign */ = {
			isa = PBXGroup;
			children = (
				85076C81292D57460058ED2E /* InteractionDesignView.swift */,
			);
			path = interactiondesign;
			sourceTree = "<group>";
		};
		85076C83292D6DB90058ED2E /* gestures */ = {
			isa = PBXGroup;
			children = (
				85076C84292D6DCC0058ED2E /* GestureView.swift */,
			);
			path = gestures;
			sourceTree = "<group>";
		};
		85076C86292D73B30058ED2E /* inputmethods */ = {
			isa = PBXGroup;
			children = (
				85076C87292D73C70058ED2E /* InputMethodsView.swift */,
			);
			path = inputmethods;
			sourceTree = "<group>";
		};
		851F8B5D29290D040072C099 /* uiux */ = {
			isa = PBXGroup;
			children = (
				851F8B5E29290D360072C099 /* UIElementsView.swift */,
				85076C7C292BE0990058ED2E /* AndroidElementsView.swift */,
				85076C7E292D2E0D0058ED2E /* iOSElementsView.swift */,
			);
			path = uiux;
			sourceTree = "<group>";
		};
		854AA2C6293556E10066D034 /* appaccess */ = {
			isa = PBXGroup;
			children = (
				854AA2C7293556FC0066D034 /* AppAccessView.swift */,
			);
			path = appaccess;
			sourceTree = "<group>";
		};
		858E69B9292F80580013791E /* animations */ = {
			isa = PBXGroup;
			children = (
				858E69BA292F80660013791E /* AnimationsView.swift */,
			);
			path = animations;
			sourceTree = "<group>";
		};
		858E69BC292F8AB10013791E /* networkcall */ = {
			isa = PBXGroup;
			children = (
				858E69BD292F8ABF0013791E /* NetworkCallView.swift */,
			);
			path = networkcall;
			sourceTree = "<group>";
		};
		858E69BF29310DCE0013791E /* persistence */ = {
			isa = PBXGroup;
			children = (
				858E69C029310DD90013791E /* PersistenceView.swift */,
			);
			path = persistence;
			sourceTree = "<group>";
		};
		858E69C22931127D0013791E /* fileaccess */ = {
			isa = PBXGroup;
			children = (
				858E69C329311DBE0013791E /* FileAccessView.swift */,
			);
			path = fileaccess;
			sourceTree = "<group>";
		};
		85BBDF3C292E67C30056AF96 /* multimedia */ = {
			isa = PBXGroup;
			children = (
				85BBDF3D292E67DB0056AF96 /* MultimediaView.swift */,
			);
			path = multimedia;
			sourceTree = "<group>";
		};
		85EF06C429322B540035EAB7 /* hardwarefunctions */ = {
			isa = PBXGroup;
			children = (
				85EF06C529322B890035EAB7 /* FrameView.swift */,
				85EF06C729323A890035EAB7 /* FrameHandler.swift */,
				85EF06C9293245D30035EAB7 /* CameraView.swift */,
			);
			path = hardwarefunctions;
			sourceTree = "<group>";
		};
		85FD8B8C292E5D820027B3BC /* navigation */ = {
			isa = PBXGroup;
			children = (
				85FD8B8D292E5D900027B3BC /* NavigationElementsView.swift */,
			);
			path = navigation;
			sourceTree = "<group>";
		};
		A32DC7E76DF551B628A0BDDB /* Frameworks */ = {
			isa = PBXGroup;
			children = (
				BFCEA02849808D97C951A812 /* Pods_iosApp.framework */,
			);
			name = Frameworks;
			sourceTree = "<group>";
		};
/* End PBXGroup section */

/* Begin PBXNativeTarget section */
		7555FF7A242A565900829871 /* iosApp */ = {
			isa = PBXNativeTarget;
			buildConfigurationList = 7555FFA5242A565B00829871 /* Build configuration list for PBXNativeTarget "iosApp" */;
			buildPhases = (
				DB9497ACBBD13E00B37B79AB /* [CP] Check Pods Manifest.lock */,
				7555FF77242A565900829871 /* Sources */,
				7555FF79242A565900829871 /* Resources */,
				5FD9F491473CC9FB46586043 /* Frameworks */,
			);
			buildRules = (
			);
			dependencies = (
			);
			name = iosApp;
			productName = iosApp;
			productReference = 7555FF7B242A565900829871 /* iosApp.app */;
			productType = "com.apple.product-type.application";
		};
/* End PBXNativeTarget section */

/* Begin PBXProject section */
		7555FF73242A565900829871 /* Project object */ = {
			isa = PBXProject;
			attributes = {
				LastSwiftUpdateCheck = 1130;
				LastUpgradeCheck = 1130;
				ORGANIZATIONNAME = orgName;
				TargetAttributes = {
					7555FF7A242A565900829871 = {
						CreatedOnToolsVersion = 11.3.1;
					};
				};
			};
			buildConfigurationList = 7555FF76242A565900829871 /* Build configuration list for PBXProject "iosApp" */;
			compatibilityVersion = "Xcode 9.3";
			developmentRegion = en;
			hasScannedForEncodings = 0;
			knownRegions = (
				en,
				Base,
			);
			mainGroup = 7555FF72242A565900829871;
			productRefGroup = 7555FF7C242A565900829871 /* Products */;
			projectDirPath = "";
			projectRoot = "";
			targets = (
				7555FF7A242A565900829871 /* iosApp */,
			);
		};
/* End PBXProject section */

/* Begin PBXResourcesBuildPhase section */
		7555FF79242A565900829871 /* Resources */ = {
			isa = PBXResourcesBuildPhase;
			buildActionMask = 2147483647;
			files = (
				058557D9273AAEEB004C7B11 /* Preview Assets.xcassets in Resources */,
				058557BB273AAA24004C7B11 /* Assets.xcassets in Resources */,
			);
			runOnlyForDeploymentPostprocessing = 0;
		};
/* End PBXResourcesBuildPhase section */

/* Begin PBXShellScriptBuildPhase section */
		DB9497ACBBD13E00B37B79AB /* [CP] Check Pods Manifest.lock */ = {
			isa = PBXShellScriptBuildPhase;
			buildActionMask = 2147483647;
			files = (
			);
			inputFileListPaths = (
			);
			inputPaths = (
				"${PODS_PODFILE_DIR_PATH}/Podfile.lock",
				"${PODS_ROOT}/Manifest.lock",
			);
			name = "[CP] Check Pods Manifest.lock";
			outputFileListPaths = (
			);
			outputPaths = (
				"$(DERIVED_FILE_DIR)/Pods-iosApp-checkManifestLockResult.txt",
			);
			runOnlyForDeploymentPostprocessing = 0;
			shellPath = /bin/sh;
			shellScript = "diff \"${PODS_PODFILE_DIR_PATH}/Podfile.lock\" \"${PODS_ROOT}/Manifest.lock\" > /dev/null\nif [ $? != 0 ] ; then\n    # print error to STDERR\n    echo \"error: The sandbox is not in sync with the Podfile.lock. Run 'pod install' or update your CocoaPods installation.\" >&2\n    exit 1\nfi\n# This output is used by Xcode 'outputs' to avoid re-running this script phase.\necho \"SUCCESS\" > \"${SCRIPT_OUTPUT_FILE_0}\"\n";
			showEnvVarsInLog = 0;
		};
/* End PBXShellScriptBuildPhase section */

/* Begin PBXSourcesBuildPhase section */
		7555FF77242A565900829871 /* Sources */ = {
			isa = PBXSourcesBuildPhase;
			buildActionMask = 2147483647;
			files = (
				85EF06C629322B890035EAB7 /* FrameView.swift in Sources */,
				2152FB042600AC8F00CF470E /* iOSApp.swift in Sources */,
				85EF06C829323A890035EAB7 /* FrameHandler.swift in Sources */,
				85EF06CA293245D30035EAB7 /* CameraView.swift in Sources */,
				858E69C129310DDA0013791E /* PersistenceView.swift in Sources */,
				858E69BE292F8ABF0013791E /* NetworkCallView.swift in Sources */,
				2152FB042600AC8F00CF470E /* iOSApp.swift in Sources */,
				858A116B29358B68009AF797 /* AccelerationView.swift in Sources */,
				858A1168293581C9009AF797 /* GPSView.swift in Sources */,
				858A1166293581A9009AF797 /* LocationManager.swift in Sources */,
				858E69C429311DBE0013791E /* FileAccessView.swift in Sources */,
				858E69BB292F80660013791E /* AnimationsView.swift in Sources */,
				85FD8B8E292E5D900027B3BC /* NavigationElementsView.swift in Sources */,
				85076C88292D73C70058ED2E /* InputMethodsView.swift in Sources */,
				854AA2C8293556FC0066D034 /* AppAccessView.swift in Sources */,
				85076C7D292BE0990058ED2E /* AndroidElementsView.swift in Sources */,
				7555FF83242A565900829871 /* OverviewView.swift in Sources */,
				85BBDF3E292E67DB0056AF96 /* MultimediaView.swift in Sources */,
				85076C85292D6DCC0058ED2E /* GestureView.swift in Sources */,
				85076C82292D57460058ED2E /* InteractionDesignView.swift in Sources */,
				851F8B5F29290D360072C099 /* UIElementsView.swift in Sources */,
				85076C7F292D2E0D0058ED2E /* iOSElementsView.swift in Sources */,
			);
			runOnlyForDeploymentPostprocessing = 0;
		};
/* End PBXSourcesBuildPhase section */

/* Begin XCBuildConfiguration section */
		7555FFA3242A565B00829871 /* Debug */ = {
			isa = XCBuildConfiguration;
			buildSettings = {
				ALWAYS_SEARCH_USER_PATHS = NO;
				CLANG_ANALYZER_NONNULL = YES;
				CLANG_ANALYZER_NUMBER_OBJECT_CONVERSION = YES_AGGRESSIVE;
				CLANG_CXX_LANGUAGE_STANDARD = "gnu++14";
				CLANG_CXX_LIBRARY = "libc++";
				CLANG_ENABLE_MODULES = YES;
				CLANG_ENABLE_OBJC_ARC = YES;
				CLANG_ENABLE_OBJC_WEAK = YES;
				CLANG_WARN_BLOCK_CAPTURE_AUTORELEASING = YES;
				CLANG_WARN_BOOL_CONVERSION = YES;
				CLANG_WARN_COMMA = YES;
				CLANG_WARN_CONSTANT_CONVERSION = YES;
				CLANG_WARN_DEPRECATED_OBJC_IMPLEMENTATIONS = YES;
				CLANG_WARN_DIRECT_OBJC_ISA_USAGE = YES_ERROR;
				CLANG_WARN_DOCUMENTATION_COMMENTS = YES;
				CLANG_WARN_EMPTY_BODY = YES;
				CLANG_WARN_ENUM_CONVERSION = YES;
				CLANG_WARN_INFINITE_RECURSION = YES;
				CLANG_WARN_INT_CONVERSION = YES;
				CLANG_WARN_NON_LITERAL_NULL_CONVERSION = YES;
				CLANG_WARN_OBJC_IMPLICIT_RETAIN_SELF = YES;
				CLANG_WARN_OBJC_LITERAL_CONVERSION = YES;
				CLANG_WARN_OBJC_ROOT_CLASS = YES_ERROR;
				CLANG_WARN_QUOTED_INCLUDE_IN_FRAMEWORK_HEADER = YES;
				CLANG_WARN_RANGE_LOOP_ANALYSIS = YES;
				CLANG_WARN_STRICT_PROTOTYPES = YES;
				CLANG_WARN_SUSPICIOUS_MOVE = YES;
				CLANG_WARN_UNGUARDED_AVAILABILITY = YES_AGGRESSIVE;
				CLANG_WARN_UNREACHABLE_CODE = YES;
				CLANG_WARN__DUPLICATE_METHOD_MATCH = YES;
				COPY_PHASE_STRIP = NO;
				DEBUG_INFORMATION_FORMAT = "dwarf-with-dsym";
				ENABLE_STRICT_OBJC_MSGSEND = YES;
				ENABLE_TESTABILITY = YES;
				GCC_C_LANGUAGE_STANDARD = gnu11;
				GCC_DYNAMIC_NO_PIC = NO;
				GCC_NO_COMMON_BLOCKS = YES;
				GCC_OPTIMIZATION_LEVEL = 0;
				GCC_PREPROCESSOR_DEFINITIONS = (
					"DEBUG=1",
					"$(inherited)",
				);
				GCC_WARN_64_TO_32_BIT_CONVERSION = YES;
				GCC_WARN_ABOUT_RETURN_TYPE = YES_ERROR;
				GCC_WARN_UNDECLARED_SELECTOR = YES;
				GCC_WARN_UNINITIALIZED_AUTOS = YES_AGGRESSIVE;
				GCC_WARN_UNUSED_FUNCTION = YES;
				GCC_WARN_UNUSED_VARIABLE = YES;
				IPHONEOS_DEPLOYMENT_TARGET = 14.1;
				MTL_ENABLE_DEBUG_INFO = INCLUDE_SOURCE;
				MTL_FAST_MATH = YES;
				ONLY_ACTIVE_ARCH = YES;
				SDKROOT = iphoneos;
				SWIFT_ACTIVE_COMPILATION_CONDITIONS = DEBUG;
				SWIFT_OPTIMIZATION_LEVEL = "-Onone";
			};
			name = Debug;
		};
		7555FFA4242A565B00829871 /* Release */ = {
			isa = XCBuildConfiguration;
			buildSettings = {
				ALWAYS_SEARCH_USER_PATHS = NO;
				CLANG_ANALYZER_NONNULL = YES;
				CLANG_ANALYZER_NUMBER_OBJECT_CONVERSION = YES_AGGRESSIVE;
				CLANG_CXX_LANGUAGE_STANDARD = "gnu++14";
				CLANG_CXX_LIBRARY = "libc++";
				CLANG_ENABLE_MODULES = YES;
				CLANG_ENABLE_OBJC_ARC = YES;
				CLANG_ENABLE_OBJC_WEAK = YES;
				CLANG_WARN_BLOCK_CAPTURE_AUTORELEASING = YES;
				CLANG_WARN_BOOL_CONVERSION = YES;
				CLANG_WARN_COMMA = YES;
				CLANG_WARN_CONSTANT_CONVERSION = YES;
				CLANG_WARN_DEPRECATED_OBJC_IMPLEMENTATIONS = YES;
				CLANG_WARN_DIRECT_OBJC_ISA_USAGE = YES_ERROR;
				CLANG_WARN_DOCUMENTATION_COMMENTS = YES;
				CLANG_WARN_EMPTY_BODY = YES;
				CLANG_WARN_ENUM_CONVERSION = YES;
				CLANG_WARN_INFINITE_RECURSION = YES;
				CLANG_WARN_INT_CONVERSION = YES;
				CLANG_WARN_NON_LITERAL_NULL_CONVERSION = YES;
				CLANG_WARN_OBJC_IMPLICIT_RETAIN_SELF = YES;
				CLANG_WARN_OBJC_LITERAL_CONVERSION = YES;
				CLANG_WARN_OBJC_ROOT_CLASS = YES_ERROR;
				CLANG_WARN_QUOTED_INCLUDE_IN_FRAMEWORK_HEADER = YES;
				CLANG_WARN_RANGE_LOOP_ANALYSIS = YES;
				CLANG_WARN_STRICT_PROTOTYPES = YES;
				CLANG_WARN_SUSPICIOUS_MOVE = YES;
				CLANG_WARN_UNGUARDED_AVAILABILITY = YES_AGGRESSIVE;
				CLANG_WARN_UNREACHABLE_CODE = YES;
				CLANG_WARN__DUPLICATE_METHOD_MATCH = YES;
				COPY_PHASE_STRIP = NO;
				DEBUG_INFORMATION_FORMAT = "dwarf-with-dsym";
				ENABLE_NS_ASSERTIONS = NO;
				ENABLE_STRICT_OBJC_MSGSEND = YES;
				GCC_C_LANGUAGE_STANDARD = gnu11;
				GCC_NO_COMMON_BLOCKS = YES;
				GCC_WARN_64_TO_32_BIT_CONVERSION = YES;
				GCC_WARN_ABOUT_RETURN_TYPE = YES_ERROR;
				GCC_WARN_UNDECLARED_SELECTOR = YES;
				GCC_WARN_UNINITIALIZED_AUTOS = YES_AGGRESSIVE;
				GCC_WARN_UNUSED_FUNCTION = YES;
				GCC_WARN_UNUSED_VARIABLE = YES;
				IPHONEOS_DEPLOYMENT_TARGET = 14.1;
				MTL_ENABLE_DEBUG_INFO = NO;
				MTL_FAST_MATH = YES;
				SDKROOT = iphoneos;
				SWIFT_COMPILATION_MODE = wholemodule;
				SWIFT_OPTIMIZATION_LEVEL = "-O";
				VALIDATE_PRODUCT = YES;
			};
			name = Release;
		};
		7555FFA6242A565B00829871 /* Debug */ = {
			isa = XCBuildConfiguration;
			baseConfigurationReference = 37A7B010E3E2A393959B2E4D /* Pods-iosApp.debug.xcconfig */;
			buildSettings = {
				ASSETCATALOG_COMPILER_APPICON_NAME = AppIcon;
				CODE_SIGN_STYLE = Automatic;
				DEVELOPMENT_ASSET_PATHS = "\"iosApp/Preview Content\"";
				DEVELOPMENT_TEAM = 3QKUZ6H85C;
				ENABLE_PREVIEWS = YES;
				INFOPLIST_FILE = iosApp/Info.plist;
				LD_RUNPATH_SEARCH_PATHS = (
					"$(inherited)",
					"@executable_path/Frameworks",
				);
				PRODUCT_BUNDLE_IDENTIFIER = monstradore.iosApp;
				PRODUCT_NAME = "$(TARGET_NAME)";
				SWIFT_VERSION = 5.0;
				TARGETED_DEVICE_FAMILY = "1,2";
			};
			name = Debug;
		};
		7555FFA7242A565B00829871 /* Release */ = {
			isa = XCBuildConfiguration;
			baseConfigurationReference = D0E62FA93C72A5BC355C4B53 /* Pods-iosApp.release.xcconfig */;
			buildSettings = {
				ASSETCATALOG_COMPILER_APPICON_NAME = AppIcon;
				CODE_SIGN_STYLE = Automatic;
				DEVELOPMENT_ASSET_PATHS = "\"iosApp/Preview Content\"";
				DEVELOPMENT_TEAM = 3QKUZ6H85C;
				ENABLE_PREVIEWS = YES;
				INFOPLIST_FILE = iosApp/Info.plist;
				LD_RUNPATH_SEARCH_PATHS = (
					"$(inherited)",
					"@executable_path/Frameworks",
				);
				PRODUCT_BUNDLE_IDENTIFIER = monstradore.iosApp;
				PRODUCT_NAME = "$(TARGET_NAME)";
				SWIFT_VERSION = 5.0;
				TARGETED_DEVICE_FAMILY = "1,2";
			};
			name = Release;
		};
/* End XCBuildConfiguration section */

/* Begin XCConfigurationList section */
		7555FF76242A565900829871 /* Build configuration list for PBXProject "iosApp" */ = {
			isa = XCConfigurationList;
			buildConfigurations = (
				7555FFA3242A565B00829871 /* Debug */,
				7555FFA4242A565B00829871 /* Release */,
			);
			defaultConfigurationIsVisible = 0;
			defaultConfigurationName = Release;
		};
		7555FFA5242A565B00829871 /* Build configuration list for PBXNativeTarget "iosApp" */ = {
			isa = XCConfigurationList;
			buildConfigurations = (
				7555FFA6242A565B00829871 /* Debug */,
				7555FFA7242A565B00829871 /* Release */,
			);
			defaultConfigurationIsVisible = 0;
			defaultConfigurationName = Release;
		};
/* End XCConfigurationList section */
	};
	rootObject = 7555FF73242A565900829871 /* Project object */;
}
